
Microsoft Visual Studio Solution File, Format Version 12.00
# Visual Studio Version 17
VisualStudioVersion = 17.3.32901.215
MinimumVisualStudioVersion = 10.0.40219.1
Project("{FAE04EC0-301F-11D3-BF4B-00C04F79EFBC}") = "vt_ornek", "vt_ornek\vt_ornek.csproj", "{2F7BF843-0309-4F87-9012-E3BE0A0C333D}"
EndProject
Global
	GlobalSection(SolutionConfigurationPlatforms) = preSolution
		Debug|Any CPU = Debug|Any CPU
		Release|Any CPU = Release|Any CPU
	EndGlobalSection
	GlobalSection(ProjectConfigurationPlatforms) = postSolution
		{2F7BF843-0309-4F87-9012-E3BE0A0C333D}.Debug|Any CPU.ActiveCfg = Debug|Any CPU
		{2F7BF843-0309-4F87-9012-E3BE0A0C333D}.Debug|Any CPU.Build.0 = Debug|Any CPU
		{2F7BF843-0309-4F87-9012-E3BE0A0C333D}.Release|Any CPU.ActiveCfg = Release|Any CPU
		{2F7BF843-0309-4F87-9012-E3BE0A0C333D}.Release|Any CPU.Build.0 = Release|Any CPU
	EndGlobalSection
	GlobalSection(SolutionProperties) = preSolution
		HideSolutionNode = FALSE
	EndGlobalSection
	GlobalSection(ExtensibilityGlobals) = postSolution
		SolutionGuid = {53BED8B5-4689-4E1E-BBA2-452584B8B900}
	EndGlobalSection
EndGlobal
